
Microsoft Visual Studio Solution File, Format Version 12.00
Project("{FAE04EC0-301F-11D3-BF4B-00C04F79EFBC}") = "CourseWork_5sem", "CourseWork_5sem.csproj", "{4C49631F-48EF-48C6-B481-AC3236DFE949}"
EndProject
Global
	GlobalSection(SolutionConfigurationPlatforms) = preSolution
		Debug|Any CPU = Debug|Any CPU
		Release|Any CPU = Release|Any CPU
	EndGlobalSection
	GlobalSection(ProjectConfigurationPlatforms) = postSolution
		{4C49631F-48EF-48C6-B481-AC3236DFE949}.Debug|Any CPU.ActiveCfg = Debug|Any CPU
		{4C49631F-48EF-48C6-B481-AC3236DFE949}.Debug|Any CPU.Build.0 = Debug|Any CPU
		{4C49631F-48EF-48C6-B481-AC3236DFE949}.Release|Any CPU.ActiveCfg = Release|Any CPU
		{4C49631F-48EF-48C6-B481-AC3236DFE949}.Release|Any CPU.Build.0 = Release|Any CPU
	EndGlobalSection
EndGlobal
